// !$*UTF8*$!
{
	archiveVersion = 1;
	classes = {
	};
	objectVersion = 50;
	objects = {

/* Begin PBXBuildFile section */
		141351B92592927B000250F5 /* CategoryRow.swift in Sources */ = {isa = PBXBuildFile; fileRef = 141351B82592927B000250F5 /* CategoryRow.swift */; };
		142EFB442592842200B89574 /* CategoryItem.swift in Sources */ = {isa = PBXBuildFile; fileRef = 142EFB432592842200B89574 /* CategoryItem.swift */; };
		1490A2C62593C34000923C1A /* CarouselView.swift in Sources */ = {isa = PBXBuildFile; fileRef = 1490A2C52593C34000923C1A /* CarouselView.swift */; };
		1490A2C92593C35F00923C1A /* FeatureView.swift in Sources */ = {isa = PBXBuildFile; fileRef = 1490A2C82593C35F00923C1A /* FeatureView.swift */; };
		1490A2CD2594EF3700923C1A /* RemoteImage.swift in Sources */ = {isa = PBXBuildFile; fileRef = 1490A2CC2594EF3700923C1A /* RemoteImage.swift */; };
		916368B8259BE90B00370DC3 /* DetailView.swift in Sources */ = {isa = PBXBuildFile; fileRef = 916368B7259BE90B00370DC3 /* DetailView.swift */; };
		916368BD259CEE5C00370DC3 /* WebView.swift in Sources */ = {isa = PBXBuildFile; fileRef = 916368BC259CEE5B00370DC3 /* WebView.swift */; };
		B4D02A3A25924A3900622655 /* Models.swift in Sources */ = {isa = PBXBuildFile; fileRef = B4D02A3925924A3900622655 /* Models.swift */; };
		B4D02A4025924A6200622655 /* APIResponse.swift in Sources */ = {isa = PBXBuildFile; fileRef = B4D02A3F25924A6200622655 /* APIResponse.swift */; };
		B4D02A4325924C9100622655 /* Constants.swift in Sources */ = {isa = PBXBuildFile; fileRef = B4D02A4225924C9100622655 /* Constants.swift */; };
		B4D02A4C2592665A00622655 /* ResponsePayload.json in Resources */ = {isa = PBXBuildFile; fileRef = B4D02A4B2592665A00622655 /* ResponsePayload.json */; };
		C5A7A4A625912D270059D666 /* NewsfeedUIApp.swift in Sources */ = {isa = PBXBuildFile; fileRef = C5A7A4A525912D270059D666 /* NewsfeedUIApp.swift */; };
		C5A7A4A825912D270059D666 /* ContentView.swift in Sources */ = {isa = PBXBuildFile; fileRef = C5A7A4A725912D270059D666 /* ContentView.swift */; };
		C5A7A4AA25912D290059D666 /* Assets.xcassets in Resources */ = {isa = PBXBuildFile; fileRef = C5A7A4A925912D290059D666 /* Assets.xcassets */; };
		C5A7A4AD25912D290059D666 /* Preview Assets.xcassets in Resources */ = {isa = PBXBuildFile; fileRef = C5A7A4AC25912D290059D666 /* Preview Assets.xcassets */; };
/* End PBXBuildFile section */

/* Begin PBXFileReference section */
		141351B82592927B000250F5 /* CategoryRow.swift */ = {isa = PBXFileReference; lastKnownFileType = sourcecode.swift; path = CategoryRow.swift; sourceTree = "<group>"; };
		142EFB432592842200B89574 /* CategoryItem.swift */ = {isa = PBXFileReference; lastKnownFileType = sourcecode.swift; path = CategoryItem.swift; sourceTree = "<group>"; };
		1490A2C52593C34000923C1A /* CarouselView.swift */ = {isa = PBXFileReference; lastKnownFileType = sourcecode.swift; path = CarouselView.swift; sourceTree = "<group>"; };
		1490A2C82593C35F00923C1A /* FeatureView.swift */ = {isa = PBXFileReference; lastKnownFileType = sourcecode.swift; path = FeatureView.swift; sourceTree = "<group>"; };
		1490A2CC2594EF3700923C1A /* RemoteImage.swift */ = {isa = PBXFileReference; lastKnownFileType = sourcecode.swift; path = RemoteImage.swift; sourceTree = "<group>"; };
		916368B7259BE90B00370DC3 /* DetailView.swift */ = {isa = PBXFileReference; lastKnownFileType = sourcecode.swift; path = DetailView.swift; sourceTree = "<group>"; };
		916368BC259CEE5B00370DC3 /* WebView.swift */ = {isa = PBXFileReference; lastKnownFileType = sourcecode.swift; path = WebView.swift; sourceTree = "<group>"; };
		B4D02A3925924A3900622655 /* Models.swift */ = {isa = PBXFileReference; lastKnownFileType = sourcecode.swift; path = Models.swift; sourceTree = "<group>"; };
		B4D02A3F25924A6200622655 /* APIResponse.swift */ = {isa = PBXFileReference; lastKnownFileType = sourcecode.swift; path = APIResponse.swift; sourceTree = "<group>"; };
		B4D02A4225924C9100622655 /* Constants.swift */ = {isa = PBXFileReference; lastKnownFileType = sourcecode.swift; path = Constants.swift; sourceTree = "<group>"; };
		B4D02A4B2592665A00622655 /* ResponsePayload.json */ = {isa = PBXFileReference; fileEncoding = 4; lastKnownFileType = text.json; path = ResponsePayload.json; sourceTree = "<group>"; };
		C5A7A4A225912D270059D666 /* NewsfeedUI.app */ = {isa = PBXFileReference; explicitFileType = wrapper.application; includeInIndex = 0; path = NewsfeedUI.app; sourceTree = BUILT_PRODUCTS_DIR; };
		C5A7A4A525912D270059D666 /* NewsfeedUIApp.swift */ = {isa = PBXFileReference; lastKnownFileType = sourcecode.swift; path = NewsfeedUIApp.swift; sourceTree = "<group>"; };
		C5A7A4A725912D270059D666 /* ContentView.swift */ = {isa = PBXFileReference; lastKnownFileType = sourcecode.swift; path = ContentView.swift; sourceTree = "<group>"; };
		C5A7A4A925912D290059D666 /* Assets.xcassets */ = {isa = PBXFileReference; lastKnownFileType = folder.assetcatalog; path = Assets.xcassets; sourceTree = "<group>"; };
		C5A7A4AC25912D290059D666 /* Preview Assets.xcassets */ = {isa = PBXFileReference; lastKnownFileType = folder.assetcatalog; path = "Preview Assets.xcassets"; sourceTree = "<group>"; };
		C5A7A4AE25912D290059D666 /* Info.plist */ = {isa = PBXFileReference; lastKnownFileType = text.plist.xml; path = Info.plist; sourceTree = "<group>"; };
/* End PBXFileReference section */

/* Begin PBXFrameworksBuildPhase section */
		C5A7A49F25912D270059D666 /* Frameworks */ = {
			isa = PBXFrameworksBuildPhase;
			buildActionMask = 2147483647;
			files = (
			);
			runOnlyForDeploymentPostprocessing = 0;
		};
/* End PBXFrameworksBuildPhase section */

/* Begin PBXGroup section */
		142EFB422592837A00B89574 /* Views */ = {
			isa = PBXGroup;
			children = (
				142EFB432592842200B89574 /* CategoryItem.swift */,
				141351B82592927B000250F5 /* CategoryRow.swift */,
				1490A2C52593C34000923C1A /* CarouselView.swift */,
				C5A7A4A725912D270059D666 /* ContentView.swift */,
				916368B7259BE90B00370DC3 /* DetailView.swift */,
				1490A2C82593C35F00923C1A /* FeatureView.swift */,
				1490A2CC2594EF3700923C1A /* RemoteImage.swift */,
				916368BC259CEE5B00370DC3 /* WebView.swift */,
			);
			path = Views;
			sourceTree = "<group>";
		};
		B4D02A3825924A1700622655 /* Model */ = {
			isa = PBXGroup;
			children = (
				B4D02A3925924A3900622655 /* Models.swift */,
				B4D02A3F25924A6200622655 /* APIResponse.swift */,
			);
			path = Model;
			sourceTree = "<group>";
		};
		B4D02A4725925CD000622655 /* Resources */ = {
			isa = PBXGroup;
			children = (
				B4D02A4B2592665A00622655 /* ResponsePayload.json */,
				B4D02A4225924C9100622655 /* Constants.swift */,
			);
			path = Resources;
			sourceTree = "<group>";
		};
		C5A7A49925912D270059D666 = {
			isa = PBXGroup;
			children = (
				C5A7A4A425912D270059D666 /* NewsfeedUI */,
				C5A7A4A325912D270059D666 /* Products */,
			);
			sourceTree = "<group>";
		};
		C5A7A4A325912D270059D666 /* Products */ = {
			isa = PBXGroup;
			children = (
				C5A7A4A225912D270059D666 /* NewsfeedUI.app */,
			);
			name = Products;
			sourceTree = "<group>";
		};
		C5A7A4A425912D270059D666 /* NewsfeedUI */ = {
			isa = PBXGroup;
			children = (
				C5A7A4A525912D270059D666 /* NewsfeedUIApp.swift */,
				142EFB422592837A00B89574 /* Views */,
				B4D02A3825924A1700622655 /* Model */,
				B4D02A4725925CD000622655 /* Resources */,
				C5A7A4A925912D290059D666 /* Assets.xcassets */,
				C5A7A4AE25912D290059D666 /* Info.plist */,
				C5A7A4AB25912D290059D666 /* Preview Content */,
			);
			path = NewsfeedUI;
			sourceTree = "<group>";
		};
		C5A7A4AB25912D290059D666 /* Preview Content */ = {
			isa = PBXGroup;
			children = (
				C5A7A4AC25912D290059D666 /* Preview Assets.xcassets */,
			);
			path = "Preview Content";
			sourceTree = "<group>";
		};
/* End PBXGroup section */

/* Begin PBXNativeTarget section */
		C5A7A4A125912D270059D666 /* NewsfeedUI */ = {
			isa = PBXNativeTarget;
			buildConfigurationList = C5A7A4B125912D290059D666 /* Build configuration list for PBXNativeTarget "NewsfeedUI" */;
			buildPhases = (
				C5A7A49E25912D270059D666 /* Sources */,
				C5A7A49F25912D270059D666 /* Frameworks */,
				C5A7A4A025912D270059D666 /* Resources */,
			);
			buildRules = (
			);
			dependencies = (
			);
			name = NewsfeedUI;
			productName = NewsfeedUI;
			productReference = C5A7A4A225912D270059D666 /* NewsfeedUI.app */;
			productType = "com.apple.product-type.application";
		};
/* End PBXNativeTarget section */

/* Begin PBXProject section */
		C5A7A49A25912D270059D666 /* Project object */ = {
			isa = PBXProject;
			attributes = {
				LastSwiftUpdateCheck = 1230;
				LastUpgradeCheck = 1230;
				TargetAttributes = {
					C5A7A4A125912D270059D666 = {
						CreatedOnToolsVersion = 12.3;
					};
				};
			};
			buildConfigurationList = C5A7A49D25912D270059D666 /* Build configuration list for PBXProject "NewsfeedUI" */;
			compatibilityVersion = "Xcode 9.3";
			developmentRegion = en;
			hasScannedForEncodings = 0;
			knownRegions = (
				en,
				Base,
			);
			mainGroup = C5A7A49925912D270059D666;
			productRefGroup = C5A7A4A325912D270059D666 /* Products */;
			projectDirPath = "";
			projectRoot = "";
			targets = (
				C5A7A4A125912D270059D666 /* NewsfeedUI */,
			);
		};
/* End PBXProject section */

/* Begin PBXResourcesBuildPhase section */
		C5A7A4A025912D270059D666 /* Resources */ = {
			isa = PBXResourcesBuildPhase;
			buildActionMask = 2147483647;
			files = (
				C5A7A4AD25912D290059D666 /* Preview Assets.xcassets in Resources */,
				C5A7A4AA25912D290059D666 /* Assets.xcassets in Resources */,
				B4D02A4C2592665A00622655 /* ResponsePayload.json in Resources */,
			);
			runOnlyForDeploymentPostprocessing = 0;
		};
/* End PBXResourcesBuildPhase section */

/* Begin PBXSourcesBuildPhase section */
		C5A7A49E25912D270059D666 /* Sources */ = {
			isa = PBXSourcesBuildPhase;
			buildActionMask = 2147483647;
			files = (
				C5A7A4A825912D270059D666 /* ContentView.swift in Sources */,
				B4D02A4325924C9100622655 /* Constants.swift in Sources */,
				C5A7A4A625912D270059D666 /* NewsfeedUIApp.swift in Sources */,
				1490A2CD2594EF3700923C1A /* RemoteImage.swift in Sources */,
				B4D02A4025924A6200622655 /* APIResponse.swift in Sources */,
				916368B8259BE90B00370DC3 /* DetailView.swift in Sources */,
				141351B92592927B000250F5 /* CategoryRow.swift in Sources */,
				142EFB442592842200B89574 /* CategoryItem.swift in Sources */,
				1490A2C92593C35F00923C1A /* FeatureView.swift in Sources */,
				916368BD259CEE5C00370DC3 /* WebView.swift in Sources */,
				1490A2C62593C34000923C1A /* CarouselView.swift in Sources */,
				B4D02A3A25924A3900622655 /* Models.swift in Sources */,
			);
			runOnlyForDeploymentPostprocessing = 0;
		};
/* End PBXSourcesBuildPhase section */

/* Begin XCBuildConfiguration section */
		C5A7A4AF25912D290059D666 /* Debug */ = {
			isa = XCBuildConfiguration;
			buildSettings = {
				ALWAYS_SEARCH_USER_PATHS = NO;
				CLANG_ANALYZER_NONNULL = YES;
				CLANG_ANALYZER_NUMBER_OBJECT_CONVERSION = YES_AGGRESSIVE;
				CLANG_CXX_LANGUAGE_STANDARD = "gnu++14";
				CLANG_CXX_LIBRARY = "libc++";
				CLANG_ENABLE_MODULES = YES;
				CLANG_ENABLE_OBJC_ARC = YES;
				CLANG_ENABLE_OBJC_WEAK = YES;
				CLANG_WARN_BLOCK_CAPTURE_AUTORELEASING = YES;
				CLANG_WARN_BOOL_CONVERSION = YES;
				CLANG_WARN_COMMA = YES;
				CLANG_WARN_CONSTANT_CONVERSION = YES;
				CLANG_WARN_DEPRECATED_OBJC_IMPLEMENTATIONS = YES;
				CLANG_WARN_DIRECT_OBJC_ISA_USAGE = YES_ERROR;
				CLANG_WARN_DOCUMENTATION_COMMENTS = YES;
				CLANG_WARN_EMPTY_BODY = YES;
				CLANG_WARN_ENUM_CONVERSION = YES;
				CLANG_WARN_INFINITE_RECURSION = YES;
				CLANG_WARN_INT_CONVERSION = YES;
				CLANG_WARN_NON_LITERAL_NULL_CONVERSION = YES;
				CLANG_WARN_OBJC_IMPLICIT_RETAIN_SELF = YES;
				CLANG_WARN_OBJC_LITERAL_CONVERSION = YES;
				CLANG_WARN_OBJC_ROOT_CLASS = YES_ERROR;
				CLANG_WARN_QUOTED_INCLUDE_IN_FRAMEWORK_HEADER = YES;
				CLANG_WARN_RANGE_LOOP_ANALYSIS = YES;
				CLANG_WARN_STRICT_PROTOTYPES = YES;
				CLANG_WARN_SUSPICIOUS_MOVE = YES;
				CLANG_WARN_UNGUARDED_AVAILABILITY = YES_AGGRESSIVE;
				CLANG_WARN_UNREACHABLE_CODE = YES;
				CLANG_WARN__DUPLICATE_METHOD_MATCH = YES;
				COPY_PHASE_STRIP = NO;
				DEBUG_INFORMATION_FORMAT = dwarf;
				ENABLE_STRICT_OBJC_MSGSEND = YES;
				ENABLE_TESTABILITY = YES;
				GCC_C_LANGUAGE_STANDARD = gnu11;
				GCC_DYNAMIC_NO_PIC = NO;
				GCC_NO_COMMON_BLOCKS = YES;
				GCC_OPTIMIZATION_LEVEL = 0;
				GCC_PREPROCESSOR_DEFINITIONS = (
					"DEBUG=1",
					"$(inherited)",
				);
				GCC_WARN_64_TO_32_BIT_CONVERSION = YES;
				GCC_WARN_ABOUT_RETURN_TYPE = YES_ERROR;
				GCC_WARN_UNDECLARED_SELECTOR = YES;
				GCC_WARN_UNINITIALIZED_AUTOS = YES_AGGRESSIVE;
				GCC_WARN_UNUSED_FUNCTION = YES;
				GCC_WARN_UNUSED_VARIABLE = YES;
				IPHONEOS_DEPLOYMENT_TARGET = 14.3;
				MTL_ENABLE_DEBUG_INFO = INCLUDE_SOURCE;
				MTL_FAST_MATH = YES;
				ONLY_ACTIVE_ARCH = YES;
				SDKROOT = iphoneos;
				SWIFT_ACTIVE_COMPILATION_CONDITIONS = DEBUG;
				SWIFT_OPTIMIZATION_LEVEL = "-Onone";
			};
			name = Debug;
		};
		C5A7A4B025912D290059D666 /* Release */ = {
			isa = XCBuildConfiguration;
			buildSettings = {
				ALWAYS_SEARCH_USER_PATHS = NO;
				CLANG_ANALYZER_NONNULL = YES;
				CLANG_ANALYZER_NUMBER_OBJECT_CONVERSION = YES_AGGRESSIVE;
				CLANG_CXX_LANGUAGE_STANDARD = "gnu++14";
				CLANG_CXX_LIBRARY = "libc++";
				CLANG_ENABLE_MODULES = YES;
				CLANG_ENABLE_OBJC_ARC = YES;
				CLANG_ENABLE_OBJC_WEAK = YES;
				CLANG_WARN_BLOCK_CAPTURE_AUTORELEASING = YES;
				CLANG_WARN_BOOL_CONVERSION = YES;
				CLANG_WARN_COMMA = YES;
				CLANG_WARN_CONSTANT_CONVERSION = YES;
				CLANG_WARN_DEPRECATED_OBJC_IMPLEMENTATIONS = YES;
				CLANG_WARN_DIRECT_OBJC_ISA_USAGE = YES_ERROR;
				CLANG_WARN_DOCUMENTATION_COMMENTS = YES;
				CLANG_WARN_EMPTY_BODY = YES;
				CLANG_WARN_ENUM_CONVERSION = YES;
				CLANG_WARN_INFINITE_RECURSION = YES;
				CLANG_WARN_INT_CONVERSION = YES;
				CLANG_WARN_NON_LITERAL_NULL_CONVERSION = YES;
				CLANG_WARN_OBJC_IMPLICIT_RETAIN_SELF = YES;
				CLANG_WARN_OBJC_LITERAL_CONVERSION = YES;
				CLANG_WARN_OBJC_ROOT_CLASS = YES_ERROR;
				CLANG_WARN_QUOTED_INCLUDE_IN_FRAMEWORK_HEADER = YES;
				CLANG_WARN_RANGE_LOOP_ANALYSIS = YES;
				CLANG_WARN_STRICT_PROTOTYPES = YES;
				CLANG_WARN_SUSPICIOUS_MOVE = YES;
				CLANG_WARN_UNGUARDED_AVAILABILITY = YES_AGGRESSIVE;
				CLANG_WARN_UNREACHABLE_CODE = YES;
				CLANG_WARN__DUPLICATE_METHOD_MATCH = YES;
				COPY_PHASE_STRIP = NO;
				DEBUG_INFORMATION_FORMAT = "dwarf-with-dsym";
				ENABLE_NS_ASSERTIONS = NO;
				ENABLE_STRICT_OBJC_MSGSEND = YES;
				GCC_C_LANGUAGE_STANDARD = gnu11;
				GCC_NO_COMMON_BLOCKS = YES;
				GCC_WARN_64_TO_32_BIT_CONVERSION = YES;
				GCC_WARN_ABOUT_RETURN_TYPE = YES_ERROR;
				GCC_WARN_UNDECLARED_SELECTOR = YES;
				GCC_WARN_UNINITIALIZED_AUTOS = YES_AGGRESSIVE;
				GCC_WARN_UNUSED_FUNCTION = YES;
				GCC_WARN_UNUSED_VARIABLE = YES;
				IPHONEOS_DEPLOYMENT_TARGET = 14.3;
				MTL_ENABLE_DEBUG_INFO = NO;
				MTL_FAST_MATH = YES;
				SDKROOT = iphoneos;
				SWIFT_COMPILATION_MODE = wholemodule;
				SWIFT_OPTIMIZATION_LEVEL = "-O";
				VALIDATE_PRODUCT = YES;
			};
			name = Release;
		};
		C5A7A4B225912D290059D666 /* Debug */ = {
			isa = XCBuildConfiguration;
			buildSettings = {
				ASSETCATALOG_COMPILER_APPICON_NAME = AppIcon;
				ASSETCATALOG_COMPILER_GLOBAL_ACCENT_COLOR_NAME = AccentColor;
				CODE_SIGN_STYLE = Automatic;
				DEVELOPMENT_ASSET_PATHS = "\"NewsfeedUI/Preview Content\"";
				ENABLE_PREVIEWS = YES;
				INFOPLIST_FILE = NewsfeedUI/Info.plist;
				IPHONEOS_DEPLOYMENT_TARGET = 14.0;
				LD_RUNPATH_SEARCH_PATHS = (
					"$(inherited)",
					"@executable_path/Frameworks",
				);
				PRODUCT_BUNDLE_IDENTIFIER = com.ses.NewsfeedUI;
				PRODUCT_NAME = "$(TARGET_NAME)";
				SWIFT_VERSION = 5.0;
				TARGETED_DEVICE_FAMILY = "1,2";
			};
			name = Debug;
		};
		C5A7A4B325912D290059D666 /* Release */ = {
			isa = XCBuildConfiguration;
			buildSettings = {
				ASSETCATALOG_COMPILER_APPICON_NAME = AppIcon;
				ASSETCATALOG_COMPILER_GLOBAL_ACCENT_COLOR_NAME = AccentColor;
				CODE_SIGN_STYLE = Automatic;
				DEVELOPMENT_ASSET_PATHS = "\"NewsfeedUI/Preview Content\"";
				ENABLE_PREVIEWS = YES;
				INFOPLIST_FILE = NewsfeedUI/Info.plist;
				IPHONEOS_DEPLOYMENT_TARGET = 14.0;
				LD_RUNPATH_SEARCH_PATHS = (
					"$(inherited)",
					"@executable_path/Frameworks",
				);
				PRODUCT_BUNDLE_IDENTIFIER = com.ses.NewsfeedUI;
				PRODUCT_NAME = "$(TARGET_NAME)";
				SWIFT_VERSION = 5.0;
				TARGETED_DEVICE_FAMILY = "1,2";
			};
			name = Release;
		};
/* End XCBuildConfiguration section */

/* Begin XCConfigurationList section */
		C5A7A49D25912D270059D666 /* Build configuration list for PBXProject "NewsfeedUI" */ = {
			isa = XCConfigurationList;
			buildConfigurations = (
				C5A7A4AF25912D290059D666 /* Debug */,
				C5A7A4B025912D290059D666 /* Release */,
			);
			defaultConfigurationIsVisible = 0;
			defaultConfigurationName = Release;
		};
		C5A7A4B125912D290059D666 /* Build configuration list for PBXNativeTarget "NewsfeedUI" */ = {
			isa = XCConfigurationList;
			buildConfigurations = (
				C5A7A4B225912D290059D666 /* Debug */,
				C5A7A4B325912D290059D666 /* Release */,
			);
			defaultConfigurationIsVisible = 0;
			defaultConfigurationName = Release;
		};
/* End XCConfigurationList section */
	};
	rootObject = C5A7A49A25912D270059D666 /* Project object */;
}
